
Microsoft Visual Studio Solution File, Format Version 12.00
# Visual Studio Version 16
VisualStudioVersion = 16.0.31019.35
MinimumVisualStudioVersion = 10.0.40219.1
Project("{FAE04EC0-301F-11D3-BF4B-00C04F79EFBC}") = "MandelServer", "MandelServer.csproj", "{CBDC7748-67AD-4304-B048-16BD594654C3}"
EndProject
Global
	GlobalSection(SolutionConfigurationPlatforms) = preSolution
		Debug|Any CPU = Debug|Any CPU
		Release|Any CPU = Release|Any CPU
	EndGlobalSection
	GlobalSection(ProjectConfigurationPlatforms) = postSolution
		{CBDC7748-67AD-4304-B048-16BD594654C3}.Debug|Any CPU.ActiveCfg = Debug|Any CPU
		{CBDC7748-67AD-4304-B048-16BD594654C3}.Debug|Any CPU.Build.0 = Debug|Any CPU
		{CBDC7748-67AD-4304-B048-16BD594654C3}.Release|Any CPU.ActiveCfg = Release|Any CPU
		{CBDC7748-67AD-4304-B048-16BD594654C3}.Release|Any CPU.Build.0 = Release|Any CPU
	EndGlobalSection
	GlobalSection(SolutionProperties) = preSolution
		HideSolutionNode = FALSE
	EndGlobalSection
	GlobalSection(ExtensibilityGlobals) = postSolution
		SolutionGuid = {7A996833-4720-4027-81FD-4F5357C3EE56}
	EndGlobalSection
EndGlobal
